
Microsoft Visual Studio Solution File, Format Version 12.00
# Visual Studio 15
Project("{FAE04EC0-301F-11D3-BF4B-00C04F79EFBC}") = "Prova02_concatenacao", "Prova02_concatenacao\Prova02_concatenacao.csproj", "{003C915D-79C1-48F4-9099-89D66F564CA3}"
EndProject
Global
	GlobalSection(SolutionConfigurationPlatforms) = preSolution
		Debug|Any CPU = Debug|Any CPU
		Release|Any CPU = Release|Any CPU
	EndGlobalSection
	GlobalSection(ProjectConfigurationPlatforms) = postSolution
		{003C915D-79C1-48F4-9099-89D66F564CA3}.Debug|Any CPU.ActiveCfg = Debug|Any CPU
		{003C915D-79C1-48F4-9099-89D66F564CA3}.Debug|Any CPU.Build.0 = Debug|Any CPU
		{003C915D-79C1-48F4-9099-89D66F564CA3}.Release|Any CPU.ActiveCfg = Release|Any CPU
		{003C915D-79C1-48F4-9099-89D66F564CA3}.Release|Any CPU.Build.0 = Release|Any CPU
	EndGlobalSection
EndGlobal
